Microsoft Visual Studio Solution File, Format Version 12.00
# Visual Studio Version 17
VisualStudioVersion = 17.5.2.0
MinimumVisualStudioVersion = 10.0.40219.1
Project("{FAE04EC0-301F-11D3-BF4B-00C04F79EFBC}") = "OutlookRecipientProbe", "OutlookRecipientProbe.csproj", "{EAB3DBC2-2BC9-0387-C6B2-40381B885F62}"
EndProject
Global
	GlobalSection(SolutionConfigurationPlatforms) = preSolution
		Debug|Any CPU = Debug|Any CPU
		Release|Any CPU = Release|Any CPU
	EndGlobalSection
	GlobalSection(ProjectConfigurationPlatforms) = postSolution
		{EAB3DBC2-2BC9-0387-C6B2-40381B885F62}.Debug|Any CPU.ActiveCfg = Debug|Any CPU
		{EAB3DBC2-2BC9-0387-C6B2-40381B885F62}.Debug|Any CPU.Build.0 = Debug|Any CPU
		{EAB3DBC2-2BC9-0387-C6B2-40381B885F62}.Release|Any CPU.ActiveCfg = Release|Any CPU
		{EAB3DBC2-2BC9-0387-C6B2-40381B885F62}.Release|Any CPU.Build.0 = Release|Any CPU
	EndGlobalSection
	GlobalSection(SolutionProperties) = preSolution
		HideSolutionNode = FALSE
	EndGlobalSection
	GlobalSection(ExtensibilityGlobals) = postSolution
		SolutionGuid = {E7833235-84BB-4686-91D4-E1787FABD991}
	EndGlobalSection
EndGlobal
